
Microsoft Visual Studio Solution File, Format Version 12.00
# Visual Studio 15
VisualStudioVersion = 15.0.28010.2048
MinimumVisualStudioVersion = 10.0.40219.1
Project("{FAE04EC0-301F-11D3-BF4B-00C04F79EFBC}") = "VisualBasic.Transpiler", "VisualBasic.Transpiler\VisualBasic.Transpiler.csproj", "{05A5B38E-ACD4-449F-9FEB-C185FBC98346}"
EndProject
Global
	GlobalSection(SolutionConfigurationPlatforms) = preSolution
		Debug|Any CPU = Debug|Any CPU
		Debug|x64 = Debug|x64
		Release|Any CPU = Release|Any CPU
		Release|x64 = Release|x64
	EndGlobalSection
	GlobalSection(ProjectConfigurationPlatforms) = postSolution
		{05A5B38E-ACD4-449F-9FEB-C185FBC98346}.Debug|Any CPU.ActiveCfg = Debug|Any CPU
		{05A5B38E-ACD4-449F-9FEB-C185FBC98346}.Debug|Any CPU.Build.0 = Debug|Any CPU
		{05A5B38E-ACD4-449F-9FEB-C185FBC98346}.Debug|x64.ActiveCfg = Debug|Any CPU
		{05A5B38E-ACD4-449F-9FEB-C185FBC98346}.Debug|x64.Build.0 = Debug|Any CPU
		{05A5B38E-ACD4-449F-9FEB-C185FBC98346}.Release|Any CPU.ActiveCfg = Release|Any CPU
		{05A5B38E-ACD4-449F-9FEB-C185FBC98346}.Release|Any CPU.Build.0 = Release|Any CPU
		{05A5B38E-ACD4-449F-9FEB-C185FBC98346}.Release|x64.ActiveCfg = Release|Any CPU
		{05A5B38E-ACD4-449F-9FEB-C185FBC98346}.Release|x64.Build.0 = Release|Any CPU
	EndGlobalSection
	GlobalSection(SolutionProperties) = preSolution
		HideSolutionNode = FALSE
	EndGlobalSection
	GlobalSection(ExtensibilityGlobals) = postSolution
		SolutionGuid = {91F6A523-51F6-4E99-B383-B2A28653B17C}
	EndGlobalSection
EndGlobal
